
Microsoft Visual Studio Solution File, Format Version 12.00
# Visual Studio Version 17
VisualStudioVersion = 17.9.34728.123
MinimumVisualStudioVersion = 10.0.40219.1
Project("{FAE04EC0-301F-11D3-BF4B-00C04F79EFBC}") = "CarServiceApp", "CarServiceApp.csproj", "{4E161460-2537-45B1-AAAD-618CB06D647F}"
EndProject
Global
	GlobalSection(SolutionConfigurationPlatforms) = preSolution
		Debug|Any CPU = Debug|Any CPU
		Release|Any CPU = Release|Any CPU
	EndGlobalSection
	GlobalSection(ProjectConfigurationPlatforms) = postSolution
		{4E161460-2537-45B1-AAAD-618CB06D647F}.Debug|Any CPU.ActiveCfg = Debug|Any CPU
		{4E161460-2537-45B1-AAAD-618CB06D647F}.Debug|Any CPU.Build.0 = Debug|Any CPU
		{4E161460-2537-45B1-AAAD-618CB06D647F}.Release|Any CPU.ActiveCfg = Release|Any CPU
		{4E161460-2537-45B1-AAAD-618CB06D647F}.Release|Any CPU.Build.0 = Release|Any CPU
	EndGlobalSection
	GlobalSection(SolutionProperties) = preSolution
		HideSolutionNode = FALSE
	EndGlobalSection
	GlobalSection(ExtensibilityGlobals) = postSolution
		SolutionGuid = {94CBC261-069D-4F2E-B508-4BD46F1BE5BA}
	EndGlobalSection
EndGlobal
